
Microsoft Visual Studio Solution File, Format Version 12.00
# Visual Studio Version 16
VisualStudioVersion = 16.0.31019.35
MinimumVisualStudioVersion = 10.0.40219.1
Project("{8BC9CEB8-8B4A-11D0-8D11-00A0C91BC942}") = "Alg_1", "Alg_1\Alg_1.vcxproj", "{36FA1BC9-7953-481E-8BC2-A345C814D065}"
EndProject
Global
	GlobalSection(SolutionConfigurationPlatforms) = preSolution
		Debug|x64 = Debug|x64
		Debug|x86 = Debug|x86
		Release|x64 = Release|x64
		Release|x86 = Release|x86
	EndGlobalSection
	GlobalSection(ProjectConfigurationPlatforms) = postSolution
		{36FA1BC9-7953-481E-8BC2-A345C814D065}.Debug|x64.ActiveCfg = Debug|x64
		{36FA1BC9-7953-481E-8BC2-A345C814D065}.Debug|x64.Build.0 = Debug|x64
		{36FA1BC9-7953-481E-8BC2-A345C814D065}.Debug|x86.ActiveCfg = Debug|Win32
		{36FA1BC9-7953-481E-8BC2-A345C814D065}.Debug|x86.Build.0 = Debug|Win32
		{36FA1BC9-7953-481E-8BC2-A345C814D065}.Release|x64.ActiveCfg = Release|x64
		{36FA1BC9-7953-481E-8BC2-A345C814D065}.Release|x64.Build.0 = Release|x64
		{36FA1BC9-7953-481E-8BC2-A345C814D065}.Release|x86.ActiveCfg = Release|Win32
		{36FA1BC9-7953-481E-8BC2-A345C814D065}.Release|x86.Build.0 = Release|Win32
	EndGlobalSection
	GlobalSection(SolutionProperties) = preSolution
		HideSolutionNode = FALSE
	EndGlobalSection
	GlobalSection(ExtensibilityGlobals) = postSolution
		SolutionGuid = {FF480F50-B9A6-4766-8FD2-2BE1A615C8FE}
	EndGlobalSection
EndGlobal
